// !$*UTF8*$!
{
	archiveVersion = 1;
	classes = {
	};
	objectVersion = 46;
	objects = {

/* Begin PBXBuildFile section */
		692347261E82E3540081B036 /* AppDelegate.swift in Sources */ = {isa = PBXBuildFile; fileRef = 692347251E82E3540081B036 /* AppDelegate.swift */; };
		692347281E82E3540081B036 /* ViewController.swift in Sources */ = {isa = PBXBuildFile; fileRef = 692347271E82E3540081B036 /* ViewController.swift */; };
		6923472B1E82E3540081B036 /* Main.storyboard in Resources */ = {isa = PBXBuildFile; fileRef = 692347291E82E3540081B036 /* Main.storyboard */; };
		6923472D1E82E3540081B036 /* Assets.xcassets in Resources */ = {isa = PBXBuildFile; fileRef = 6923472C1E82E3540081B036 /* Assets.xcassets */; };
		692347301E82E3540081B036 /* LaunchScreen.storyboard in Resources */ = {isa = PBXBuildFile; fileRef = 6923472E1E82E3540081B036 /* LaunchScreen.storyboard */; };
/* End PBXBuildFile section */

/* Begin PBXFileReference section */
		692347221E82E3540081B036 /* Orca.app */ = {isa = PBXFileReference; explicitFileType = wrapper.application; includeInIndex = 0; path = Orca.app; sourceTree = BUILT_PRODUCTS_DIR; };
		692347251E82E3540081B036 /* AppDelegate.swift */ = {isa = PBXFileReference; lastKnownFileType = sourcecode.swift; path = AppDelegate.swift; sourceTree = "<group>"; };
		692347271E82E3540081B036 /* ViewController.swift */ = {isa = PBXFileReference; lastKnownFileType = sourcecode.swift; path = ViewController.swift; sourceTree = "<group>"; };
		6923472A1E82E3540081B036 /* Base */ = {isa = PBXFileReference; lastKnownFileType = file.storyboard; name = Base; path = Base.lproj/Main.storyboard; sourceTree = "<group>"; };
		6923472C1E82E3540081B036 /* Assets.xcassets */ = {isa = PBXFileReference; lastKnownFileType = folder.assetcatalog; path = Assets.xcassets; sourceTree = "<group>"; };
		6923472F1E82E3540081B036 /* Base */ = {isa = PBXFileReference; lastKnownFileType = file.storyboard; name = Base; path = Base.lproj/LaunchScreen.storyboard; sourceTree = "<group>"; };
		692347311E82E3540081B036 /* Info.plist */ = {isa = PBXFileReference; lastKnownFileType = text.plist.xml; path = Info.plist; sourceTree = "<group>"; };
/* End PBXFileReference section */

/* Begin PBXFrameworksBuildPhase section */
		6923471F1E82E3540081B036 /* Frameworks */ = {
			isa = PBXFrameworksBuildPhase;
			buildActionMask = 2147483647;
			files = (
			);
			runOnlyForDeploymentPostprocessing = 0;
		};
/* End PBXFrameworksBuildPhase section */

/* Begin PBXGroup section */
		692347191E82E3530081B036 = {
			isa = PBXGroup;
			children = (
				692347241E82E3540081B036 /* Orca */,
				692347231E82E3540081B036 /* Products */,
			);
			sourceTree = "<group>";
		};
		692347231E82E3540081B036 /* Products */ = {
			isa = PBXGroup;
			children = (
				692347221E82E3540081B036 /* Orca.app */,
			);
			name = Products;
			sourceTree = "<group>";
		};
		692347241E82E3540081B036 /* Orca */ = {
			isa = PBXGroup;
			children = (
				692347251E82E3540081B036 /* AppDelegate.swift */,
				692347271E82E3540081B036 /* ViewController.swift */,
				692347291E82E3540081B036 /* Main.storyboard */,
				6923472C1E82E3540081B036 /* Assets.xcassets */,
				6923472E1E82E3540081B036 /* LaunchScreen.storyboard */,
				692347311E82E3540081B036 /* Info.plist */,
			);
			path = Orca;
			sourceTree = "<group>";
		};
/* End PBXGroup section */

/* Begin PBXNativeTarget section */
		692347211E82E3540081B036 /* Orca */ = {
			isa = PBXNativeTarget;
			buildConfigurationList = 692347341E82E3540081B036 /* Build configuration list for PBXNativeTarget "Orca" */;
			buildPhases = (
				6923471E1E82E3540081B036 /* Sources */,
				6923471F1E82E3540081B036 /* Frameworks */,
				692347201E82E3540081B036 /* Resources */,
			);
			buildRules = (
			);
			dependencies = (
			);
			name = Orca;
			productName = Orca;
			productReference = 692347221E82E3540081B036 /* Orca.app */;
			productType = "com.apple.product-type.application";
		};
/* End PBXNativeTarget section */

/* Begin PBXProject section */
		6923471A1E82E3530081B036 /* Project object */ = {
			isa = PBXProject;
			attributes = {
				LastSwiftUpdateCheck = 0820;
				LastUpgradeCheck = 0820;
				ORGANIZATIONNAME = "Juan Pablo Fernandez";
				TargetAttributes = {
					692347211E82E3540081B036 = {
						CreatedOnToolsVersion = 8.2.1;
						DevelopmentTeam = V92SZ8966T;
						ProvisioningStyle = Automatic;
					};
				};
			};
			buildConfigurationList = 6923471D1E82E3530081B036 /* Build configuration list for PBXProject "Orca" */;
			compatibilityVersion = "Xcode 3.2";
			developmentRegion = English;
			hasScannedForEncodings = 0;
			knownRegions = (
				en,
				Base,
			);
			mainGroup = 692347191E82E3530081B036;
			productRefGroup = 692347231E82E3540081B036 /* Products */;
			projectDirPath = "";
			projectRoot = "";
			targets = (
				692347211E82E3540081B036 /* Orca */,
			);
		};
/* End PBXProject section */

/* Begin PBXResourcesBuildPhase section */
		692347201E82E3540081B036 /* Resources */ = {
			isa = PBXResourcesBuildPhase;
			buildActionMask = 2147483647;
			files = (
				692347301E82E3540081B036 /* LaunchScreen.storyboard in Resources */,
				6923472D1E82E3540081B036 /* Assets.xcassets in Resources */,
				6923472B1E82E3540081B036 /* Main.storyboard in Resources */,
			);
			runOnlyForDeploymentPostprocessing = 0;
		};
/* End PBXResourcesBuildPhase section */

/* Begin PBXSourcesBuildPhase section */
		6923471E1E82E3540081B036 /* Sources */ = {
			isa = PBXSourcesBuildPhase;
			buildActionMask = 2147483647;
			files = (
				692347281E82E3540081B036 /* ViewController.swift in Sources */,
				692347261E82E3540081B036 /* AppDelegate.swift in Sources */,
			);
			runOnlyForDeploymentPostprocessing = 0;
		};
/* End PBXSourcesBuildPhase section */

/* Begin PBXVariantGroup section */
		692347291E82E3540081B036 /* Main.storyboard */ = {
			isa = PBXVariantGroup;
			children = (
				6923472A1E82E3540081B036 /* Base */,
			);
			name = Main.storyboard;
			sourceTree = "<group>";
		};
		6923472E1E82E3540081B036 /* LaunchScreen.storyboard */ = {
			isa = PBXVariantGroup;
			children = (
				6923472F1E82E3540081B036 /* Base */,
			);
			name = LaunchScreen.storyboard;
			sourceTree = "<group>";
		};
/* End PBXVariantGroup section */

/* Begin XCBuildConfiguration section */
		692347321E82E3540081B036 /* Debug */ = {
			isa = XCBuildConfiguration;
			buildSettings = {
				ALWAYS_SEARCH_USER_PATHS = NO;
				CLANG_ANALYZER_NONNULL = YES;
				CLANG_CXX_LANGUAGE_STANDARD = "gnu++0x";
				CLANG_CXX_LIBRARY = "libc++";
				CLANG_ENABLE_MODULES = YES;
				CLANG_ENABLE_OBJC_ARC = YES;
				CLANG_WARN_BOOL_CONVERSION = YES;
				CLANG_WARN_CONSTANT_CONVERSION = YES;
				CLANG_WARN_DIRECT_OBJC_ISA_USAGE = YES_ERROR;
				CLANG_WARN_DOCUMENTATION_COMMENTS = YES;
				CLANG_WARN_EMPTY_BODY = YES;
				CLANG_WARN_ENUM_CONVERSION = YES;
				CLANG_WARN_INFINITE_RECURSION = YES;
				CLANG_WARN_INT_CONVERSION = YES;
				CLANG_WARN_OBJC_ROOT_CLASS = YES_ERROR;
				CLANG_WARN_SUSPICIOUS_MOVE = YES;
				CLANG_WARN_UNREACHABLE_CODE = YES;
				CLANG_WARN__DUPLICATE_METHOD_MATCH = YES;
				"CODE_SIGN_IDENTITY[sdk=iphoneos*]" = "iPhone Developer";
				COPY_PHASE_STRIP = NO;
				DEBUG_INFORMATION_FORMAT = dwarf;
				ENABLE_STRICT_OBJC_MSGSEND = YES;
				ENABLE_TESTABILITY = YES;
				GCC_C_LANGUAGE_STANDARD = gnu99;
				GCC_DYNAMIC_NO_PIC = NO;
				GCC_NO_COMMON_BLOCKS = YES;
				GCC_OPTIMIZATION_LEVEL = 0;
				GCC_PREPROCESSOR_DEFINITIONS = (
					"DEBUG=1",
					"$(inherited)",
				);
				GCC_WARN_64_TO_32_BIT_CONVERSION = YES;
				GCC_WARN_ABOUT_RETURN_TYPE = YES_ERROR;
				GCC_WARN_UNDECLARED_SELECTOR = YES;
				GCC_WARN_UNINITIALIZED_AUTOS = YES_AGGRESSIVE;
				GCC_WARN_UNUSED_FUNCTION = YES;
				GCC_WARN_UNUSED_VARIABLE = YES;
				IPHONEOS_DEPLOYMENT_TARGET = 10.2;
				MTL_ENABLE_DEBUG_INFO = YES;
				ONLY_ACTIVE_ARCH = YES;
				SDKROOT = iphoneos;
				SWIFT_ACTIVE_COMPILATION_CONDITIONS = DEBUG;
				SWIFT_OPTIMIZATION_LEVEL = "-Onone";
			};
			name = Debug;
		};
		692347331E82E3540081B036 /* Release */ = {
			isa = XCBuildConfiguration;
			buildSettings = {
				ALWAYS_SEARCH_USER_PATHS = NO;
				CLANG_ANALYZER_NONNULL = YES;
				CLANG_CXX_LANGUAGE_STANDARD = "gnu++0x";
				CLANG_CXX_LIBRARY = "libc++";
				CLANG_ENABLE_MODULES = YES;
				CLANG_ENABLE_OBJC_ARC = YES;
				CLANG_WARN_BOOL_CONVERSION = YES;
				CLANG_WARN_CONSTANT_CONVERSION = YES;
				CLANG_WARN_DIRECT_OBJC_ISA_USAGE = YES_ERROR;
				CLANG_WARN_DOCUMENTATION_COMMENTS = YES;
				CLANG_WARN_EMPTY_BODY = YES;
				CLANG_WARN_ENUM_CONVERSION = YES;
				CLANG_WARN_INFINITE_RECURSION = YES;
				CLANG_WARN_INT_CONVERSION = YES;
				CLANG_WARN_OBJC_ROOT_CLASS = YES_ERROR;
				CLANG_WARN_SUSPICIOUS_MOVE = YES;
				CLANG_WARN_UNREACHABLE_CODE = YES;
				CLANG_WARN__DUPLICATE_METHOD_MATCH = YES;
				"CODE_SIGN_IDENTITY[sdk=iphoneos*]" = "iPhone Developer";
				COPY_PHASE_STRIP = NO;
				DEBUG_INFORMATION_FORMAT = "dwarf-with-dsym";
				ENABLE_NS_ASSERTIONS = NO;
				ENABLE_STRICT_OBJC_MSGSEND = YES;
				GCC_C_LANGUAGE_STANDARD = gnu99;
				GCC_NO_COMMON_BLOCKS = YES;
				GCC_WARN_64_TO_32_BIT_CONVERSION = YES;
				GCC_WARN_ABOUT_RETURN_TYPE = YES_ERROR;
				GCC_WARN_UNDECLARED_SELECTOR = YES;
				GCC_WARN_UNINITIALIZED_AUTOS = YES_AGGRESSIVE;
				GCC_WARN_UNUSED_FUNCTION = YES;
				GCC_WARN_UNUSED_VARIABLE = YES;
				IPHONEOS_DEPLOYMENT_TARGET = 10.2;
				MTL_ENABLE_DEBUG_INFO = NO;
				SDKROOT = iphoneos;
				SWIFT_OPTIMIZATION_LEVEL = "-Owholemodule";
				VALIDATE_PRODUCT = YES;
			};
			name = Release;
		};
		692347351E82E3540081B036 /* Debug */ = {
			isa = XCBuildConfiguration;
			buildSettings = {
				ASSETCATALOG_COMPILER_APPICON_NAME = AppIcon;
				DEVELOPMENT_TEAM = V92SZ8966T;
				INFOPLIST_FILE = Orca/Info.plist;
				LD_RUNPATH_SEARCH_PATHS = "$(inherited) @executable_path/Frameworks";
				PRODUCT_BUNDLE_IDENTIFIER = com.juanpablofernandez.Orca;
				PRODUCT_NAME = "$(TARGET_NAME)";
				SWIFT_VERSION = 3.0;
			};
			name = Debug;
		};
		692347361E82E3540081B036 /* Release */ = {
			isa = XCBuildConfiguration;
			buildSettings = {
				ASSETCATALOG_COMPILER_APPICON_NAME = AppIcon;
				DEVELOPMENT_TEAM = V92SZ8966T;
				INFOPLIST_FILE = Orca/Info.plist;
				LD_RUNPATH_SEARCH_PATHS = "$(inherited) @executable_path/Frameworks";
				PRODUCT_BUNDLE_IDENTIFIER = com.juanpablofernandez.Orca;
				PRODUCT_NAME = "$(TARGET_NAME)";
				SWIFT_VERSION = 3.0;
			};
			name = Release;
		};
/* End XCBuildConfiguration section */

/* Begin XCConfigurationList section */
		6923471D1E82E3530081B036 /* Build configuration list for PBXProject "Orca" */ = {
			isa = XCConfigurationList;
			buildConfigurations = (
				692347321E82E3540081B036 /* Debug */,
				692347331E82E3540081B036 /* Release */,
			);
			defaultConfigurationIsVisible = 0;
			defaultConfigurationName = Release;
		};
		692347341E82E3540081B036 /* Build configuration list for PBXNativeTarget "Orca" */ = {
			isa = XCConfigurationList;
			buildConfigurations = (
				692347351E82E3540081B036 /* Debug */,
				692347361E82E3540081B036 /* Release */,
			);
			defaultConfigurationIsVisible = 0;
		};
/* End XCConfigurationList section */
	};
	rootObject = 6923471A1E82E3530081B036 /* Project object */;
}
