// !$*UTF8*$!
{
	archiveVersion = 1;
	classes = {
	};
	objectVersion = 46;
	objects = {

/* Begin PBXBuildFile section */
		690A7BB71E843B750031ECCF /* NetworkHelper.swift in Sources */ = {isa = PBXBuildFile; fileRef = 690A7BB61E843B750031ECCF /* NetworkHelper.swift */; };
		690A7BB91E847D8C0031ECCF /* Answer.swift in Sources */ = {isa = PBXBuildFile; fileRef = 690A7BB81E847D8C0031ECCF /* Answer.swift */; };
		690A7BBB1E858F250031ECCF /* DataHelper.swift in Sources */ = {isa = PBXBuildFile; fileRef = 690A7BBA1E858F250031ECCF /* DataHelper.swift */; };
		692347261E82E3540081B036 /* AppDelegate.swift in Sources */ = {isa = PBXBuildFile; fileRef = 692347251E82E3540081B036 /* AppDelegate.swift */; };
		6923472B1E82E3540081B036 /* Main.storyboard in Resources */ = {isa = PBXBuildFile; fileRef = 692347291E82E3540081B036 /* Main.storyboard */; };
		6923472D1E82E3540081B036 /* Assets.xcassets in Resources */ = {isa = PBXBuildFile; fileRef = 6923472C1E82E3540081B036 /* Assets.xcassets */; };
		692347301E82E3540081B036 /* LaunchScreen.storyboard in Resources */ = {isa = PBXBuildFile; fileRef = 6923472E1E82E3540081B036 /* LaunchScreen.storyboard */; };
		692347431E82E5330081B036 /* ActivityViewController.swift in Sources */ = {isa = PBXBuildFile; fileRef = 6923473B1E82E5330081B036 /* ActivityViewController.swift */; };
		692347441E82E5330081B036 /* Extensions.swift in Sources */ = {isa = PBXBuildFile; fileRef = 6923473C1E82E5330081B036 /* Extensions.swift */; };
		692347451E82E5330081B036 /* HomeViewController.swift in Sources */ = {isa = PBXBuildFile; fileRef = 6923473D1E82E5330081B036 /* HomeViewController.swift */; };
		692347461E82E5330081B036 /* ProfileViewController.swift in Sources */ = {isa = PBXBuildFile; fileRef = 6923473E1E82E5330081B036 /* ProfileViewController.swift */; };
		692347471E82E5330081B036 /* SignInButton.swift in Sources */ = {isa = PBXBuildFile; fileRef = 6923473F1E82E5330081B036 /* SignInButton.swift */; };
		692347481E82E5330081B036 /* SignInViewController.swift in Sources */ = {isa = PBXBuildFile; fileRef = 692347401E82E5330081B036 /* SignInViewController.swift */; };
		692347491E82E5330081B036 /* TabBarController.swift in Sources */ = {isa = PBXBuildFile; fileRef = 692347411E82E5330081B036 /* TabBarController.swift */; };
		6923474A1E82E5330081B036 /* User.swift in Sources */ = {isa = PBXBuildFile; fileRef = 692347421E82E5330081B036 /* User.swift */; };
		6923474C1E82F5D70081B036 /* SignUpViewController.swift in Sources */ = {isa = PBXBuildFile; fileRef = 6923474B1E82F5D70081B036 /* SignUpViewController.swift */; };
		A65C00993DF1560E1A6E33D9 /* Pods_Orca.framework in Frameworks */ = {isa = PBXBuildFile; fileRef = E72E230FD0F3CF4D05F3CF1B /* Pods_Orca.framework */; };
/* End PBXBuildFile section */

/* Begin PBXFileReference section */
		2EF8B7195343A5EBE6BA0F5C /* Pods-Orca.release.xcconfig */ = {isa = PBXFileReference; includeInIndex = 1; lastKnownFileType = text.xcconfig; name = "Pods-Orca.release.xcconfig"; path = "Pods/Target Support Files/Pods-Orca/Pods-Orca.release.xcconfig"; sourceTree = "<group>"; };
		690A7BB61E843B750031ECCF /* NetworkHelper.swift */ = {isa = PBXFileReference; fileEncoding = 4; lastKnownFileType = sourcecode.swift; path = NetworkHelper.swift; sourceTree = "<group>"; };
		690A7BB81E847D8C0031ECCF /* Answer.swift */ = {isa = PBXFileReference; fileEncoding = 4; lastKnownFileType = sourcecode.swift; path = Answer.swift; sourceTree = "<group>"; };
		690A7BBA1E858F250031ECCF /* DataHelper.swift */ = {isa = PBXFileReference; fileEncoding = 4; lastKnownFileType = sourcecode.swift; path = DataHelper.swift; sourceTree = "<group>"; };
		692347221E82E3540081B036 /* Orca.app */ = {isa = PBXFileReference; explicitFileType = wrapper.application; includeInIndex = 0; path = Orca.app; sourceTree = BUILT_PRODUCTS_DIR; };
		692347251E82E3540081B036 /* AppDelegate.swift */ = {isa = PBXFileReference; lastKnownFileType = sourcecode.swift; path = AppDelegate.swift; sourceTree = "<group>"; };
		6923472A1E82E3540081B036 /* Base */ = {isa = PBXFileReference; lastKnownFileType = file.storyboard; name = Base; path = Base.lproj/Main.storyboard; sourceTree = "<group>"; };
		6923472C1E82E3540081B036 /* Assets.xcassets */ = {isa = PBXFileReference; lastKnownFileType = folder.assetcatalog; path = Assets.xcassets; sourceTree = "<group>"; };
		6923472F1E82E3540081B036 /* Base */ = {isa = PBXFileReference; lastKnownFileType = file.storyboard; name = Base; path = Base.lproj/LaunchScreen.storyboard; sourceTree = "<group>"; };
		692347311E82E3540081B036 /* Info.plist */ = {isa = PBXFileReference; lastKnownFileType = text.plist.xml; path = Info.plist; sourceTree = "<group>"; };
		6923473B1E82E5330081B036 /* ActivityViewController.swift */ = {isa = PBXFileReference; fileEncoding = 4; lastKnownFileType = sourcecode.swift; path = ActivityViewController.swift; sourceTree = "<group>"; };
		6923473C1E82E5330081B036 /* Extensions.swift */ = {isa = PBXFileReference; fileEncoding = 4; lastKnownFileType = sourcecode.swift; path = Extensions.swift; sourceTree = "<group>"; };
		6923473D1E82E5330081B036 /* HomeViewController.swift */ = {isa = PBXFileReference; fileEncoding = 4; lastKnownFileType = sourcecode.swift; path = HomeViewController.swift; sourceTree = "<group>"; };
		6923473E1E82E5330081B036 /* ProfileViewController.swift */ = {isa = PBXFileReference; fileEncoding = 4; lastKnownFileType = sourcecode.swift; path = ProfileViewController.swift; sourceTree = "<group>"; };
		6923473F1E82E5330081B036 /* SignInButton.swift */ = {isa = PBXFileReference; fileEncoding = 4; lastKnownFileType = sourcecode.swift; path = SignInButton.swift; sourceTree = "<group>"; };
		692347401E82E5330081B036 /* SignInViewController.swift */ = {isa = PBXFileReference; fileEncoding = 4; lastKnownFileType = sourcecode.swift; path = SignInViewController.swift; sourceTree = "<group>"; };
		692347411E82E5330081B036 /* TabBarController.swift */ = {isa = PBXFileReference; fileEncoding = 4; lastKnownFileType = sourcecode.swift; path = TabBarController.swift; sourceTree = "<group>"; };
		692347421E82E5330081B036 /* User.swift */ = {isa = PBXFileReference; fileEncoding = 4; lastKnownFileType = sourcecode.swift; path = User.swift; sourceTree = "<group>"; };
		6923474B1E82F5D70081B036 /* SignUpViewController.swift */ = {isa = PBXFileReference; fileEncoding = 4; lastKnownFileType = sourcecode.swift; path = SignUpViewController.swift; sourceTree = "<group>"; };
		DA40C5475576ABF71E121BE3 /* Pods-Orca.debug.xcconfig */ = {isa = PBXFileReference; includeInIndex = 1; lastKnownFileType = text.xcconfig; name = "Pods-Orca.debug.xcconfig"; path = "Pods/Target Support Files/Pods-Orca/Pods-Orca.debug.xcconfig"; sourceTree = "<group>"; };
		E72E230FD0F3CF4D05F3CF1B /* Pods_Orca.framework */ = {isa = PBXFileReference; explicitFileType = wrapper.framework; includeInIndex = 0; path = Pods_Orca.framework; sourceTree = BUILT_PRODUCTS_DIR; };
/* End PBXFileReference section */

/* Begin PBXFrameworksBuildPhase section */
		6923471F1E82E3540081B036 /* Frameworks */ = {
			isa = PBXFrameworksBuildPhase;
			buildActionMask = 2147483647;
			files = (
				A65C00993DF1560E1A6E33D9 /* Pods_Orca.framework in Frameworks */,
			);
			runOnlyForDeploymentPostprocessing = 0;
		};
/* End PBXFrameworksBuildPhase section */

/* Begin PBXGroup section */
		5D3E78B00A609044048B2CFF /* Frameworks */ = {
			isa = PBXGroup;
			children = (
				E72E230FD0F3CF4D05F3CF1B /* Pods_Orca.framework */,
			);
			name = Frameworks;
			sourceTree = "<group>";
		};
		692347191E82E3530081B036 = {
			isa = PBXGroup;
			children = (
				692347241E82E3540081B036 /* Orca */,
				692347231E82E3540081B036 /* Products */,
				845C8A1DF0169153772B9BDB /* Pods */,
				5D3E78B00A609044048B2CFF /* Frameworks */,
			);
			sourceTree = "<group>";
		};
		692347231E82E3540081B036 /* Products */ = {
			isa = PBXGroup;
			children = (
				692347221E82E3540081B036 /* Orca.app */,
			);
			name = Products;
			sourceTree = "<group>";
		};
		692347241E82E3540081B036 /* Orca */ = {
			isa = PBXGroup;
			children = (
				692347251E82E3540081B036 /* AppDelegate.swift */,
				692347371E82E42F0081B036 /* UI */,
				692347381E82E4340081B036 /* Extensions */,
				692347391E82E43B0081B036 /* Networking */,
				6923473A1E82E4420081B036 /* Controllers */,
				6923472C1E82E3540081B036 /* Assets.xcassets */,
				6923472E1E82E3540081B036 /* LaunchScreen.storyboard */,
				692347311E82E3540081B036 /* Info.plist */,
			);
			path = Orca;
			sourceTree = "<group>";
		};
		692347371E82E42F0081B036 /* UI */ = {
			isa = PBXGroup;
			children = (
				692347291E82E3540081B036 /* Main.storyboard */,
			);
			name = UI;
			sourceTree = "<group>";
		};
		692347381E82E4340081B036 /* Extensions */ = {
			isa = PBXGroup;
			children = (
				6923473C1E82E5330081B036 /* Extensions.swift */,
				692347421E82E5330081B036 /* User.swift */,
				6923473F1E82E5330081B036 /* SignInButton.swift */,
				690A7BB81E847D8C0031ECCF /* Answer.swift */,
			);
			name = Extensions;
			sourceTree = "<group>";
		};
		692347391E82E43B0081B036 /* Networking */ = {
			isa = PBXGroup;
			children = (
				690A7BB61E843B750031ECCF /* NetworkHelper.swift */,
				690A7BBA1E858F250031ECCF /* DataHelper.swift */,
			);
			name = Networking;
			sourceTree = "<group>";
		};
		6923473A1E82E4420081B036 /* Controllers */ = {
			isa = PBXGroup;
			children = (
				692347411E82E5330081B036 /* TabBarController.swift */,
				6923473D1E82E5330081B036 /* HomeViewController.swift */,
				6923473B1E82E5330081B036 /* ActivityViewController.swift */,
				6923473E1E82E5330081B036 /* ProfileViewController.swift */,
				692347401E82E5330081B036 /* SignInViewController.swift */,
				6923474B1E82F5D70081B036 /* SignUpViewController.swift */,
			);
			name = Controllers;
			sourceTree = "<group>";
		};
		845C8A1DF0169153772B9BDB /* Pods */ = {
			isa = PBXGroup;
			children = (
				DA40C5475576ABF71E121BE3 /* Pods-Orca.debug.xcconfig */,
				2EF8B7195343A5EBE6BA0F5C /* Pods-Orca.release.xcconfig */,
			);
			name = Pods;
			sourceTree = "<group>";
		};
/* End PBXGroup section */

/* Begin PBXNativeTarget section */
		692347211E82E3540081B036 /* Orca */ = {
			isa = PBXNativeTarget;
			buildConfigurationList = 692347341E82E3540081B036 /* Build configuration list for PBXNativeTarget "Orca" */;
			buildPhases = (
				88EB5848C65F43DF23C47EE7 /* [CP] Check Pods Manifest.lock */,
				6923471E1E82E3540081B036 /* Sources */,
				6923471F1E82E3540081B036 /* Frameworks */,
				692347201E82E3540081B036 /* Resources */,
				1718957253108747AE30E71A /* [CP] Embed Pods Frameworks */,
				651190A5D901F39AFD5DD527 /* [CP] Copy Pods Resources */,
			);
			buildRules = (
			);
			dependencies = (
			);
			name = Orca;
			productName = Orca;
			productReference = 692347221E82E3540081B036 /* Orca.app */;
			productType = "com.apple.product-type.application";
		};
/* End PBXNativeTarget section */

/* Begin PBXProject section */
		6923471A1E82E3530081B036 /* Project object */ = {
			isa = PBXProject;
			attributes = {
				LastSwiftUpdateCheck = 0820;
				LastUpgradeCheck = 0820;
				ORGANIZATIONNAME = "Juan Pablo Fernandez";
				TargetAttributes = {
					692347211E82E3540081B036 = {
						CreatedOnToolsVersion = 8.2.1;
						DevelopmentTeam = V92SZ8966T;
						ProvisioningStyle = Automatic;
					};
				};
			};
			buildConfigurationList = 6923471D1E82E3530081B036 /* Build configuration list for PBXProject "Orca" */;
			compatibilityVersion = "Xcode 3.2";
			developmentRegion = English;
			hasScannedForEncodings = 0;
			knownRegions = (
				en,
				Base,
			);
			mainGroup = 692347191E82E3530081B036;
			productRefGroup = 692347231E82E3540081B036 /* Products */;
			projectDirPath = "";
			projectRoot = "";
			targets = (
				692347211E82E3540081B036 /* Orca */,
			);
		};
/* End PBXProject section */

/* Begin PBXResourcesBuildPhase section */
		692347201E82E3540081B036 /* Resources */ = {
			isa = PBXResourcesBuildPhase;
			buildActionMask = 2147483647;
			files = (
				692347301E82E3540081B036 /* LaunchScreen.storyboard in Resources */,
				6923472D1E82E3540081B036 /* Assets.xcassets in Resources */,
				6923472B1E82E3540081B036 /* Main.storyboard in Resources */,
			);
			runOnlyForDeploymentPostprocessing = 0;
		};
/* End PBXResourcesBuildPhase section */

/* Begin PBXShellScriptBuildPhase section */
		1718957253108747AE30E71A /* [CP] Embed Pods Frameworks */ = {
			isa = PBXShellScriptBuildPhase;
			buildActionMask = 2147483647;
			files = (
			);
			inputPaths = (
			);
			name = "[CP] Embed Pods Frameworks";
			outputPaths = (
			);
			runOnlyForDeploymentPostprocessing = 0;
			shellPath = /bin/sh;
			shellScript = "\"${SRCROOT}/Pods/Target Support Files/Pods-Orca/Pods-Orca-frameworks.sh\"\n";
			showEnvVarsInLog = 0;
		};
		651190A5D901F39AFD5DD527 /* [CP] Copy Pods Resources */ = {
			isa = PBXShellScriptBuildPhase;
			buildActionMask = 2147483647;
			files = (
			);
			inputPaths = (
			);
			name = "[CP] Copy Pods Resources";
			outputPaths = (
			);
			runOnlyForDeploymentPostprocessing = 0;
			shellPath = /bin/sh;
			shellScript = "\"${SRCROOT}/Pods/Target Support Files/Pods-Orca/Pods-Orca-resources.sh\"\n";
			showEnvVarsInLog = 0;
		};
		88EB5848C65F43DF23C47EE7 /* [CP] Check Pods Manifest.lock */ = {
			isa = PBXShellScriptBuildPhase;
			buildActionMask = 2147483647;
			files = (
			);
			inputPaths = (
			);
			name = "[CP] Check Pods Manifest.lock";
			outputPaths = (
			);
			runOnlyForDeploymentPostprocessing = 0;
			shellPath = /bin/sh;
			shellScript = "diff \"${PODS_ROOT}/../Podfile.lock\" \"${PODS_ROOT}/Manifest.lock\" > /dev/null\nif [ $? != 0 ] ; then\n    # print error to STDERR\n    echo \"error: The sandbox is not in sync with the Podfile.lock. Run 'pod install' or update your CocoaPods installation.\" >&2\n    exit 1\nfi\n";
			showEnvVarsInLog = 0;
		};
/* End PBXShellScriptBuildPhase section */

/* Begin PBXSourcesBuildPhase section */
		6923471E1E82E3540081B036 /* Sources */ = {
			isa = PBXSourcesBuildPhase;
			buildActionMask = 2147483647;
			files = (
				692347481E82E5330081B036 /* SignInViewController.swift in Sources */,
				690A7BB71E843B750031ECCF /* NetworkHelper.swift in Sources */,
				692347491E82E5330081B036 /* TabBarController.swift in Sources */,
				690A7BBB1E858F250031ECCF /* DataHelper.swift in Sources */,
				690A7BB91E847D8C0031ECCF /* Answer.swift in Sources */,
				692347261E82E3540081B036 /* AppDelegate.swift in Sources */,
				692347441E82E5330081B036 /* Extensions.swift in Sources */,
				6923474C1E82F5D70081B036 /* SignUpViewController.swift in Sources */,
				692347461E82E5330081B036 /* ProfileViewController.swift in Sources */,
				6923474A1E82E5330081B036 /* User.swift in Sources */,
				692347431E82E5330081B036 /* ActivityViewController.swift in Sources */,
				692347451E82E5330081B036 /* HomeViewController.swift in Sources */,
				692347471E82E5330081B036 /* SignInButton.swift in Sources */,
			);
			runOnlyForDeploymentPostprocessing = 0;
		};
/* End PBXSourcesBuildPhase section */

/* Begin PBXVariantGroup section */
		692347291E82E3540081B036 /* Main.storyboard */ = {
			isa = PBXVariantGroup;
			children = (
				6923472A1E82E3540081B036 /* Base */,
			);
			name = Main.storyboard;
			sourceTree = "<group>";
		};
		6923472E1E82E3540081B036 /* LaunchScreen.storyboard */ = {
			isa = PBXVariantGroup;
			children = (
				6923472F1E82E3540081B036 /* Base */,
			);
			name = LaunchScreen.storyboard;
			sourceTree = "<group>";
		};
/* End PBXVariantGroup section */

/* Begin XCBuildConfiguration section */
		692347321E82E3540081B036 /* Debug */ = {
			isa = XCBuildConfiguration;
			buildSettings = {
				ALWAYS_SEARCH_USER_PATHS = NO;
				CLANG_ANALYZER_NONNULL = YES;
				CLANG_CXX_LANGUAGE_STANDARD = "gnu++0x";
				CLANG_CXX_LIBRARY = "libc++";
				CLANG_ENABLE_MODULES = YES;
				CLANG_ENABLE_OBJC_ARC = YES;
				CLANG_WARN_BOOL_CONVERSION = YES;
				CLANG_WARN_CONSTANT_CONVERSION = YES;
				CLANG_WARN_DIRECT_OBJC_ISA_USAGE = YES_ERROR;
				CLANG_WARN_DOCUMENTATION_COMMENTS = YES;
				CLANG_WARN_EMPTY_BODY = YES;
				CLANG_WARN_ENUM_CONVERSION = YES;
				CLANG_WARN_INFINITE_RECURSION = YES;
				CLANG_WARN_INT_CONVERSION = YES;
				CLANG_WARN_OBJC_ROOT_CLASS = YES_ERROR;
				CLANG_WARN_SUSPICIOUS_MOVE = YES;
				CLANG_WARN_UNREACHABLE_CODE = YES;
				CLANG_WARN__DUPLICATE_METHOD_MATCH = YES;
				"CODE_SIGN_IDENTITY[sdk=iphoneos*]" = "iPhone Developer";
				COPY_PHASE_STRIP = NO;
				DEBUG_INFORMATION_FORMAT = dwarf;
				ENABLE_STRICT_OBJC_MSGSEND = YES;
				ENABLE_TESTABILITY = YES;
				GCC_C_LANGUAGE_STANDARD = gnu99;
				GCC_DYNAMIC_NO_PIC = NO;
				GCC_NO_COMMON_BLOCKS = YES;
				GCC_OPTIMIZATION_LEVEL = 0;
				GCC_PREPROCESSOR_DEFINITIONS = (
					"DEBUG=1",
					"$(inherited)",
				);
				GCC_WARN_64_TO_32_BIT_CONVERSION = YES;
				GCC_WARN_ABOUT_RETURN_TYPE = YES_ERROR;
				GCC_WARN_UNDECLARED_SELECTOR = YES;
				GCC_WARN_UNINITIALIZED_AUTOS = YES_AGGRESSIVE;
				GCC_WARN_UNUSED_FUNCTION = YES;
				GCC_WARN_UNUSED_VARIABLE = YES;
				IPHONEOS_DEPLOYMENT_TARGET = 10.2;
				MTL_ENABLE_DEBUG_INFO = YES;
				ONLY_ACTIVE_ARCH = YES;
				SDKROOT = iphoneos;
				SWIFT_ACTIVE_COMPILATION_CONDITIONS = DEBUG;
				SWIFT_OPTIMIZATION_LEVEL = "-Onone";
			};
			name = Debug;
		};
		692347331E82E3540081B036 /* Release */ = {
			isa = XCBuildConfiguration;
			buildSettings = {
				ALWAYS_SEARCH_USER_PATHS = NO;
				CLANG_ANALYZER_NONNULL = YES;
				CLANG_CXX_LANGUAGE_STANDARD = "gnu++0x";
				CLANG_CXX_LIBRARY = "libc++";
				CLANG_ENABLE_MODULES = YES;
				CLANG_ENABLE_OBJC_ARC = YES;
				CLANG_WARN_BOOL_CONVERSION = YES;
				CLANG_WARN_CONSTANT_CONVERSION = YES;
				CLANG_WARN_DIRECT_OBJC_ISA_USAGE = YES_ERROR;
				CLANG_WARN_DOCUMENTATION_COMMENTS = YES;
				CLANG_WARN_EMPTY_BODY = YES;
				CLANG_WARN_ENUM_CONVERSION = YES;
				CLANG_WARN_INFINITE_RECURSION = YES;
				CLANG_WARN_INT_CONVERSION = YES;
				CLANG_WARN_OBJC_ROOT_CLASS = YES_ERROR;
				CLANG_WARN_SUSPICIOUS_MOVE = YES;
				CLANG_WARN_UNREACHABLE_CODE = YES;
				CLANG_WARN__DUPLICATE_METHOD_MATCH = YES;
				"CODE_SIGN_IDENTITY[sdk=iphoneos*]" = "iPhone Developer";
				COPY_PHASE_STRIP = NO;
				DEBUG_INFORMATION_FORMAT = "dwarf-with-dsym";
				ENABLE_NS_ASSERTIONS = NO;
				ENABLE_STRICT_OBJC_MSGSEND = YES;
				GCC_C_LANGUAGE_STANDARD = gnu99;
				GCC_NO_COMMON_BLOCKS = YES;
				GCC_WARN_64_TO_32_BIT_CONVERSION = YES;
				GCC_WARN_ABOUT_RETURN_TYPE = YES_ERROR;
				GCC_WARN_UNDECLARED_SELECTOR = YES;
				GCC_WARN_UNINITIALIZED_AUTOS = YES_AGGRESSIVE;
				GCC_WARN_UNUSED_FUNCTION = YES;
				GCC_WARN_UNUSED_VARIABLE = YES;
				IPHONEOS_DEPLOYMENT_TARGET = 10.2;
				MTL_ENABLE_DEBUG_INFO = NO;
				SDKROOT = iphoneos;
				SWIFT_OPTIMIZATION_LEVEL = "-Owholemodule";
				VALIDATE_PRODUCT = YES;
			};
			name = Release;
		};
		692347351E82E3540081B036 /* Debug */ = {
			isa = XCBuildConfiguration;
			baseConfigurationReference = DA40C5475576ABF71E121BE3 /* Pods-Orca.debug.xcconfig */;
			buildSettings = {
				ASSETCATALOG_COMPILER_APPICON_NAME = AppIcon;
				DEVELOPMENT_TEAM = V92SZ8966T;
				INFOPLIST_FILE = Orca/Info.plist;
				LD_RUNPATH_SEARCH_PATHS = "$(inherited) @executable_path/Frameworks";
				PRODUCT_BUNDLE_IDENTIFIER = com.juanpablofernandez.Orca;
				PRODUCT_NAME = "$(TARGET_NAME)";
				SWIFT_VERSION = 3.0;
			};
			name = Debug;
		};
		692347361E82E3540081B036 /* Release */ = {
			isa = XCBuildConfiguration;
			baseConfigurationReference = 2EF8B7195343A5EBE6BA0F5C /* Pods-Orca.release.xcconfig */;
			buildSettings = {
				ASSETCATALOG_COMPILER_APPICON_NAME = AppIcon;
				DEVELOPMENT_TEAM = V92SZ8966T;
				INFOPLIST_FILE = Orca/Info.plist;
				LD_RUNPATH_SEARCH_PATHS = "$(inherited) @executable_path/Frameworks";
				PRODUCT_BUNDLE_IDENTIFIER = com.juanpablofernandez.Orca;
				PRODUCT_NAME = "$(TARGET_NAME)";
				SWIFT_VERSION = 3.0;
			};
			name = Release;
		};
/* End XCBuildConfiguration section */

/* Begin XCConfigurationList section */
		6923471D1E82E3530081B036 /* Build configuration list for PBXProject "Orca" */ = {
			isa = XCConfigurationList;
			buildConfigurations = (
				692347321E82E3540081B036 /* Debug */,
				692347331E82E3540081B036 /* Release */,
			);
			defaultConfigurationIsVisible = 0;
			defaultConfigurationName = Release;
		};
		692347341E82E3540081B036 /* Build configuration list for PBXNativeTarget "Orca" */ = {
			isa = XCConfigurationList;
			buildConfigurations = (
				692347351E82E3540081B036 /* Debug */,
				692347361E82E3540081B036 /* Release */,
			);
			defaultConfigurationIsVisible = 0;
			defaultConfigurationName = Release;
		};
/* End XCConfigurationList section */
	};
	rootObject = 6923471A1E82E3530081B036 /* Project object */;
}
